{
  "name": "bitecs-query-test",
  "version": "1.0.0",
  "lockfileVersion": 2,
  "requires": true,
  "packages": {
    "": {
      "name": "bitecs-query-test",
      "version": "1.0.0",
      "license": "ISC",
      "dependencies": {
        "bitecs": "^0.3.19-1",
        "esbuild": "^0.12.17"
      }
    },
    "node_modules/bitecs": {
      "version": "0.3.19-1",
      "resolved": "https://registry.npmjs.org/bitecs/-/bitecs-0.3.19-1.tgz",
      "integrity": "sha512-8WiHfPKBUyrbcCo2HY4I2nmHmMmikhBZOtxp6PoTmVO/NVZlwfd7QcKTwpugEXwKTB1DZQwHtMNq7pwUAR8M5Q=="
    },
    "node_modules/esbuild": {
      "version": "0.12.17",
      "resolved": "https://registry.npmjs.org/esbuild/-/esbuild-0.12.17.tgz",
      "integrity": "sha512-GshKJyVYUnlSXIZj/NheC2O0Kblh42CS7P1wJyTbbIHevTG4jYMS9NNw8EOd8dDWD0dzydYHS01MpZoUcQXB4g==",
      "hasInstallScript": true,
      "bin": {
        "esbuild": "bin/esbuild"
      }
    }
  },
  "dependencies": {
    "bitecs": {
      "version": "0.3.19-1",
      "resolved": "https://registry.npmjs.org/bitecs/-/bitecs-0.3.19-1.tgz",
      "integrity": "sha512-8WiHfPKBUyrbcCo2HY4I2nmHmMmikhBZOtxp6PoTmVO/NVZlwfd7QcKTwpugEXwKTB1DZQwHtMNq7pwUAR8M5Q=="
    },
    "esbuild": {
      "version": "0.12.17",
      "resolved": "https://registry.npmjs.org/esbuild/-/esbuild-0.12.17.tgz",
      "integrity": "sha512-GshKJyVYUnlSXIZj/NheC2O0Kblh42CS7P1wJyTbbIHevTG4jYMS9NNw8EOd8dDWD0dzydYHS01MpZoUcQXB4g=="
    }
  }
}
